
Microsoft Visual Studio Solution File, Format Version 12.00
# Visual Studio Version 17
VisualStudioVersion = 17.3.32929.385
MinimumVisualStudioVersion = 10.0.40219.1
Project("{FAE04EC0-301F-11D3-BF4B-00C04F79EFBC}") = "DomainModel", "DomainModel\DomainModel.csproj", "{8CCF6A27-D42C-4EED-8035-AB6E50B0ED97}"
EndProject
Global
	GlobalSection(SolutionConfigurationPlatforms) = preSolution
		Debug|Any CPU = Debug|Any CPU
		Release|Any CPU = Release|Any CPU
	EndGlobalSection
	GlobalSection(ProjectConfigurationPlatforms) = postSolution
		{8CCF6A27-D42C-4EED-8035-AB6E50B0ED97}.Debug|Any CPU.ActiveCfg = Debug|Any CPU
		{8CCF6A27-D42C-4EED-8035-AB6E50B0ED97}.Debug|Any CPU.Build.0 = Debug|Any CPU
		{8CCF6A27-D42C-4EED-8035-AB6E50B0ED97}.Release|Any CPU.ActiveCfg = Release|Any CPU
		{8CCF6A27-D42C-4EED-8035-AB6E50B0ED97}.Release|Any CPU.Build.0 = Release|Any CPU
	EndGlobalSection
	GlobalSection(SolutionProperties) = preSolution
		HideSolutionNode = FALSE
	EndGlobalSection
	GlobalSection(ExtensibilityGlobals) = postSolution
		SolutionGuid = {89393183-126B-48B0-881F-60948B8870EA}
	EndGlobalSection
EndGlobal
